
Microsoft Visual Studio Solution File, Format Version 12.00
# Visual Studio Version 17
VisualStudioVersion = 17.14.36623.8
MinimumVisualStudioVersion = 10.0.40219.1
Project("{FAE04EC0-301F-11D3-BF4B-00C04F79EFBC}") = "Shop2026", "Shop2026\Shop2026.csproj", "{874FDD79-3C6B-4C08-9AAA-DC354333E005}"
EndProject
Global
	GlobalSection(SolutionConfigurationPlatforms) = preSolution
		Debug|Any CPU = Debug|Any CPU
		Release|Any CPU = Release|Any CPU
	EndGlobalSection
	GlobalSection(ProjectConfigurationPlatforms) = postSolution
		{874FDD79-3C6B-4C08-9AAA-DC354333E005}.Debug|Any CPU.ActiveCfg = Debug|Any CPU
		{874FDD79-3C6B-4C08-9AAA-DC354333E005}.Debug|Any CPU.Build.0 = Debug|Any CPU
		{874FDD79-3C6B-4C08-9AAA-DC354333E005}.Release|Any CPU.ActiveCfg = Release|Any CPU
		{874FDD79-3C6B-4C08-9AAA-DC354333E005}.Release|Any CPU.Build.0 = Release|Any CPU
	EndGlobalSection
	GlobalSection(SolutionProperties) = preSolution
		HideSolutionNode = FALSE
	EndGlobalSection
	GlobalSection(ExtensibilityGlobals) = postSolution
		SolutionGuid = {AB20D7ED-2420-4B4C-B1B9-78A4B06AB43C}
	EndGlobalSection
EndGlobal
